// !$*UTF8*$!
{
	archiveVersion = 1;
	classes = {
	};
	objectVersion = 48;
	objects = {

/* Begin PBXBuildFile section */
		C51467FA200C904000C22FF3 /* AppDelegate.m in Sources */ = {isa = PBXBuildFile; fileRef = C51467F7200C904000C22FF3 /* AppDelegate.m */; };
		C51467FB200C904000C22FF3 /* main.m in Sources */ = {isa = PBXBuildFile; fileRef = C51467F8200C904000C22FF3 /* main.m */; };
		C51467FF200C909000C22FF3 /* UIView+Extension.m in Sources */ = {isa = PBXBuildFile; fileRef = C51467FD200C909000C22FF3 /* UIView+Extension.m */; };
		C5146808200CAE7B00C22FF3 /* MJHomeViewController.m in Sources */ = {isa = PBXBuildFile; fileRef = C5146806200CAE7B00C22FF3 /* MJHomeViewController.m */; };
		C5146809200CAE7B00C22FF3 /* MJHomeViewController.xib in Resources */ = {isa = PBXBuildFile; fileRef = C5146807200CAE7B00C22FF3 /* MJHomeViewController.xib */; };
		C514680F200CB03E00C22FF3 /* MJNavigationViewController.m in Sources */ = {isa = PBXBuildFile; fileRef = C514680E200CB03E00C22FF3 /* MJNavigationViewController.m */; };
		C515F481200C7EF300BDC283 /* Assets.xcassets in Resources */ = {isa = PBXBuildFile; fileRef = C515F480200C7EF300BDC283 /* Assets.xcassets */; };
/* End PBXBuildFile section */

/* Begin PBXFileReference section */
		C51467F6200C904000C22FF3 /* AppDelegate.h */ = {isa = PBXFileReference; fileEncoding = 4; lastKnownFileType = sourcecode.c.h; path = AppDelegate.h; sourceTree = "<group>"; };
		C51467F7200C904000C22FF3 /* AppDelegate.m */ = {isa = PBXFileReference; fileEncoding = 4; lastKnownFileType = sourcecode.c.objc; path = AppDelegate.m; sourceTree = "<group>"; };
		C51467F8200C904000C22FF3 /* main.m */ = {isa = PBXFileReference; fileEncoding = 4; lastKnownFileType = sourcecode.c.objc; path = main.m; sourceTree = "<group>"; };
		C51467FC200C909000C22FF3 /* UIView+Extension.h */ = {isa = PBXFileReference; fileEncoding = 4; lastKnownFileType = sourcecode.c.h; path = "UIView+Extension.h"; sourceTree = "<group>"; };
		C51467FD200C909000C22FF3 /* UIView+Extension.m */ = {isa = PBXFileReference; fileEncoding = 4; lastKnownFileType = sourcecode.c.objc; path = "UIView+Extension.m"; sourceTree = "<group>"; };
		C51467FE200C909000C22FF3 /* PrefixHeader.pch */ = {isa = PBXFileReference; fileEncoding = 4; lastKnownFileType = sourcecode.c.h; path = PrefixHeader.pch; sourceTree = "<group>"; };
		C5146805200CAE7B00C22FF3 /* MJHomeViewController.h */ = {isa = PBXFileReference; lastKnownFileType = sourcecode.c.h; path = MJHomeViewController.h; sourceTree = "<group>"; };
		C5146806200CAE7B00C22FF3 /* MJHomeViewController.m */ = {isa = PBXFileReference; lastKnownFileType = sourcecode.c.objc; path = MJHomeViewController.m; sourceTree = "<group>"; };
		C5146807200CAE7B00C22FF3 /* MJHomeViewController.xib */ = {isa = PBXFileReference; lastKnownFileType = file.xib; path = MJHomeViewController.xib; sourceTree = "<group>"; };
		C514680D200CB03E00C22FF3 /* MJNavigationViewController.h */ = {isa = PBXFileReference; lastKnownFileType = sourcecode.c.h; path = MJNavigationViewController.h; sourceTree = "<group>"; };
		C514680E200CB03E00C22FF3 /* MJNavigationViewController.m */ = {isa = PBXFileReference; lastKnownFileType = sourcecode.c.objc; path = MJNavigationViewController.m; sourceTree = "<group>"; };
		C515F474200C7EF300BDC283 /* juhaodai.app */ = {isa = PBXFileReference; explicitFileType = wrapper.application; includeInIndex = 0; path = juhaodai.app; sourceTree = BUILT_PRODUCTS_DIR; };
		C515F480200C7EF300BDC283 /* Assets.xcassets */ = {isa = PBXFileReference; lastKnownFileType = folder.assetcatalog; path = Assets.xcassets; sourceTree = "<group>"; };
		C515F485200C7EF300BDC283 /* Info.plist */ = {isa = PBXFileReference; lastKnownFileType = text.plist.xml; path = Info.plist; sourceTree = "<group>"; };
/* End PBXFileReference section */

/* Begin PBXFrameworksBuildPhase section */
		C515F471200C7EF300BDC283 /* Frameworks */ = {
			isa = PBXFrameworksBuildPhase;
			buildActionMask = 2147483647;
			files = (
			);
			runOnlyForDeploymentPostprocessing = 0;
		};
/* End PBXFrameworksBuildPhase section */

/* Begin PBXGroup section */
		C51467F2200C904000C22FF3 /* Classes */ = {
			isa = PBXGroup;
			children = (
				C51467F4200C904000C22FF3 /* Login */,
				C51467F3200C904000C22FF3 /* Home */,
				C51467F5200C904000C22FF3 /* Main */,
				C51467F9200C904000C22FF3 /* Tool */,
			);
			path = Classes;
			sourceTree = "<group>";
		};
		C51467F3200C904000C22FF3 /* Home */ = {
			isa = PBXGroup;
			children = (
				C5146805200CAE7B00C22FF3 /* MJHomeViewController.h */,
				C5146806200CAE7B00C22FF3 /* MJHomeViewController.m */,
				C5146807200CAE7B00C22FF3 /* MJHomeViewController.xib */,
			);
			path = Home;
			sourceTree = "<group>";
		};
		C51467F4200C904000C22FF3 /* Login */ = {
			isa = PBXGroup;
			children = (
			);
			path = Login;
			sourceTree = "<group>";
		};
		C51467F5200C904000C22FF3 /* Main */ = {
			isa = PBXGroup;
			children = (
				C51467F6200C904000C22FF3 /* AppDelegate.h */,
				C51467F7200C904000C22FF3 /* AppDelegate.m */,
				C514680D200CB03E00C22FF3 /* MJNavigationViewController.h */,
				C514680E200CB03E00C22FF3 /* MJNavigationViewController.m */,
				C51467F8200C904000C22FF3 /* main.m */,
			);
			path = Main;
			sourceTree = "<group>";
		};
		C51467F9200C904000C22FF3 /* Tool */ = {
			isa = PBXGroup;
			children = (
				C51467FE200C909000C22FF3 /* PrefixHeader.pch */,
				C51467FC200C909000C22FF3 /* UIView+Extension.h */,
				C51467FD200C909000C22FF3 /* UIView+Extension.m */,
			);
			path = Tool;
			sourceTree = "<group>";
		};
		C515F46B200C7EF300BDC283 = {
			isa = PBXGroup;
			children = (
				C515F476200C7EF300BDC283 /* juhaodai */,
				C515F475200C7EF300BDC283 /* Products */,
			);
			sourceTree = "<group>";
		};
		C515F475200C7EF300BDC283 /* Products */ = {
			isa = PBXGroup;
			children = (
				C515F474200C7EF300BDC283 /* juhaodai.app */,
			);
			name = Products;
			sourceTree = "<group>";
		};
		C515F476200C7EF300BDC283 /* juhaodai */ = {
			isa = PBXGroup;
			children = (
				C51467F2200C904000C22FF3 /* Classes */,
				C515F480200C7EF300BDC283 /* Assets.xcassets */,
				C515F485200C7EF300BDC283 /* Info.plist */,
			);
			path = juhaodai;
			sourceTree = "<group>";
		};
/* End PBXGroup section */

/* Begin PBXNativeTarget section */
		C515F473200C7EF300BDC283 /* juhaodai */ = {
			isa = PBXNativeTarget;
			buildConfigurationList = C515F48A200C7EF300BDC283 /* Build configuration list for PBXNativeTarget "juhaodai" */;
			buildPhases = (
				C515F470200C7EF300BDC283 /* Sources */,
				C515F471200C7EF300BDC283 /* Frameworks */,
				C515F472200C7EF300BDC283 /* Resources */,
			);
			buildRules = (
			);
			dependencies = (
			);
			name = juhaodai;
			productName = juhaodai;
			productReference = C515F474200C7EF300BDC283 /* juhaodai.app */;
			productType = "com.apple.product-type.application";
		};
/* End PBXNativeTarget section */

/* Begin PBXProject section */
		C515F46C200C7EF300BDC283 /* Project object */ = {
			isa = PBXProject;
			attributes = {
				CLASSPREFIX = MJ;
				LastUpgradeCheck = 0920;
				ORGANIZATIONNAME = XiangY;
				TargetAttributes = {
					C515F473200C7EF300BDC283 = {
						CreatedOnToolsVersion = 9.2;
						ProvisioningStyle = Automatic;
					};
				};
			};
			buildConfigurationList = C515F46F200C7EF300BDC283 /* Build configuration list for PBXProject "juhaodai" */;
			compatibilityVersion = "Xcode 8.0";
			developmentRegion = en;
			hasScannedForEncodings = 0;
			knownRegions = (
				en,
				Base,
			);
			mainGroup = C515F46B200C7EF300BDC283;
			productRefGroup = C515F475200C7EF300BDC283 /* Products */;
			projectDirPath = "";
			projectRoot = "";
			targets = (
				C515F473200C7EF300BDC283 /* juhaodai */,
			);
		};
/* End PBXProject section */

/* Begin PBXResourcesBuildPhase section */
		C515F472200C7EF300BDC283 /* Resources */ = {
			isa = PBXResourcesBuildPhase;
			buildActionMask = 2147483647;
			files = (
				C5146809200CAE7B00C22FF3 /* MJHomeViewController.xib in Resources */,
				C515F481200C7EF300BDC283 /* Assets.xcassets in Resources */,
			);
			runOnlyForDeploymentPostprocessing = 0;
		};
/* End PBXResourcesBuildPhase section */

/* Begin PBXSourcesBuildPhase section */
		C515F470200C7EF300BDC283 /* Sources */ = {
			isa = PBXSourcesBuildPhase;
			buildActionMask = 2147483647;
			files = (
				C5146808200CAE7B00C22FF3 /* MJHomeViewController.m in Sources */,
				C51467FF200C909000C22FF3 /* UIView+Extension.m in Sources */,
				C514680F200CB03E00C22FF3 /* MJNavigationViewController.m in Sources */,
				C51467FB200C904000C22FF3 /* main.m in Sources */,
				C51467FA200C904000C22FF3 /* AppDelegate.m in Sources */,
			);
			runOnlyForDeploymentPostprocessing = 0;
		};
/* End PBXSourcesBuildPhase section */

/* Begin XCBuildConfiguration section */
		C515F488200C7EF300BDC283 /* Debug */ = {
			isa = XCBuildConfiguration;
			buildSettings = {
				ALWAYS_SEARCH_USER_PATHS = NO;
				CLANG_ANALYZER_NONNULL = YES;
				CLANG_ANALYZER_NUMBER_OBJECT_CONVERSION = YES_AGGRESSIVE;
				CLANG_CXX_LANGUAGE_STANDARD = "gnu++14";
				CLANG_CXX_LIBRARY = "libc++";
				CLANG_ENABLE_MODULES = YES;
				CLANG_ENABLE_OBJC_ARC = YES;
				CLANG_WARN_BLOCK_CAPTURE_AUTORELEASING = YES;
				CLANG_WARN_BOOL_CONVERSION = YES;
				CLANG_WARN_COMMA = YES;
				CLANG_WARN_CONSTANT_CONVERSION = YES;
				CLANG_WARN_DIRECT_OBJC_ISA_USAGE = YES_ERROR;
				CLANG_WARN_DOCUMENTATION_COMMENTS = YES;
				CLANG_WARN_EMPTY_BODY = YES;
				CLANG_WARN_ENUM_CONVERSION = YES;
				CLANG_WARN_INFINITE_RECURSION = YES;
				CLANG_WARN_INT_CONVERSION = YES;
				CLANG_WARN_NON_LITERAL_NULL_CONVERSION = YES;
				CLANG_WARN_OBJC_LITERAL_CONVERSION = YES;
				CLANG_WARN_OBJC_ROOT_CLASS = YES_ERROR;
				CLANG_WARN_RANGE_LOOP_ANALYSIS = YES;
				CLANG_WARN_STRICT_PROTOTYPES = YES;
				CLANG_WARN_SUSPICIOUS_MOVE = YES;
				CLANG_WARN_UNGUARDED_AVAILABILITY = YES_AGGRESSIVE;
				CLANG_WARN_UNREACHABLE_CODE = YES;
				CLANG_WARN__DUPLICATE_METHOD_MATCH = YES;
				CODE_SIGN_IDENTITY = "iPhone Developer";
				COPY_PHASE_STRIP = NO;
				DEBUG_INFORMATION_FORMAT = dwarf;
				ENABLE_STRICT_OBJC_MSGSEND = YES;
				ENABLE_TESTABILITY = YES;
				GCC_C_LANGUAGE_STANDARD = gnu11;
				GCC_DYNAMIC_NO_PIC = NO;
				GCC_NO_COMMON_BLOCKS = YES;
				GCC_OPTIMIZATION_LEVEL = 0;
				GCC_PREPROCESSOR_DEFINITIONS = (
					"DEBUG=1",
					"$(inherited)",
				);
				GCC_WARN_64_TO_32_BIT_CONVERSION = YES;
				GCC_WARN_ABOUT_RETURN_TYPE = YES_ERROR;
				GCC_WARN_UNDECLARED_SELECTOR = YES;
				GCC_WARN_UNINITIALIZED_AUTOS = YES_AGGRESSIVE;
				GCC_WARN_UNUSED_FUNCTION = YES;
				GCC_WARN_UNUSED_VARIABLE = YES;
				IPHONEOS_DEPLOYMENT_TARGET = 9.0;
				MTL_ENABLE_DEBUG_INFO = YES;
				ONLY_ACTIVE_ARCH = YES;
				SDKROOT = iphoneos;
			};
			name = Debug;
		};
		C515F489200C7EF300BDC283 /* Release */ = {
			isa = XCBuildConfiguration;
			buildSettings = {
				ALWAYS_SEARCH_USER_PATHS = NO;
				CLANG_ANALYZER_NONNULL = YES;
				CLANG_ANALYZER_NUMBER_OBJECT_CONVERSION = YES_AGGRESSIVE;
				CLANG_CXX_LANGUAGE_STANDARD = "gnu++14";
				CLANG_CXX_LIBRARY = "libc++";
				CLANG_ENABLE_MODULES = YES;
				CLANG_ENABLE_OBJC_ARC = YES;
				CLANG_WARN_BLOCK_CAPTURE_AUTORELEASING = YES;
				CLANG_WARN_BOOL_CONVERSION = YES;
				CLANG_WARN_COMMA = YES;
				CLANG_WARN_CONSTANT_CONVERSION = YES;
				CLANG_WARN_DIRECT_OBJC_ISA_USAGE = YES_ERROR;
				CLANG_WARN_DOCUMENTATION_COMMENTS = YES;
				CLANG_WARN_EMPTY_BODY = YES;
				CLANG_WARN_ENUM_CONVERSION = YES;
				CLANG_WARN_INFINITE_RECURSION = YES;
				CLANG_WARN_INT_CONVERSION = YES;
				CLANG_WARN_NON_LITERAL_NULL_CONVERSION = YES;
				CLANG_WARN_OBJC_LITERAL_CONVERSION = YES;
				CLANG_WARN_OBJC_ROOT_CLASS = YES_ERROR;
				CLANG_WARN_RANGE_LOOP_ANALYSIS = YES;
				CLANG_WARN_STRICT_PROTOTYPES = YES;
				CLANG_WARN_SUSPICIOUS_MOVE = YES;
				CLANG_WARN_UNGUARDED_AVAILABILITY = YES_AGGRESSIVE;
				CLANG_WARN_UNREACHABLE_CODE = YES;
				CLANG_WARN__DUPLICATE_METHOD_MATCH = YES;
				CODE_SIGN_IDENTITY = "iPhone Developer";
				COPY_PHASE_STRIP = NO;
				DEBUG_INFORMATION_FORMAT = "dwarf-with-dsym";
				ENABLE_NS_ASSERTIONS = NO;
				ENABLE_STRICT_OBJC_MSGSEND = YES;
				GCC_C_LANGUAGE_STANDARD = gnu11;
				GCC_NO_COMMON_BLOCKS = YES;
				GCC_WARN_64_TO_32_BIT_CONVERSION = YES;
				GCC_WARN_ABOUT_RETURN_TYPE = YES_ERROR;
				GCC_WARN_UNDECLARED_SELECTOR = YES;
				GCC_WARN_UNINITIALIZED_AUTOS = YES_AGGRESSIVE;
				GCC_WARN_UNUSED_FUNCTION = YES;
				GCC_WARN_UNUSED_VARIABLE = YES;
				IPHONEOS_DEPLOYMENT_TARGET = 9.0;
				MTL_ENABLE_DEBUG_INFO = NO;
				SDKROOT = iphoneos;
				VALIDATE_PRODUCT = YES;
			};
			name = Release;
		};
		C515F48B200C7EF300BDC283 /* Debug */ = {
			isa = XCBuildConfiguration;
			buildSettings = {
				ASSETCATALOG_COMPILER_APPICON_NAME = AppIcon;
				ASSETCATALOG_COMPILER_LAUNCHIMAGE_NAME = LaunchImage;
				CODE_SIGN_STYLE = Automatic;
				INFOPLIST_FILE = juhaodai/Info.plist;
				IPHONEOS_DEPLOYMENT_TARGET = 9.0;
				LD_RUNPATH_SEARCH_PATHS = "$(inherited) @executable_path/Frameworks";
				PRODUCT_BUNDLE_IDENTIFIER = xiangyu.juhaodai;
				PRODUCT_NAME = "$(TARGET_NAME)";
				TARGETED_DEVICE_FAMILY = "1,2";
			};
			name = Debug;
		};
		C515F48C200C7EF300BDC283 /* Release */ = {
			isa = XCBuildConfiguration;
			buildSettings = {
				ASSETCATALOG_COMPILER_APPICON_NAME = AppIcon;
				ASSETCATALOG_COMPILER_LAUNCHIMAGE_NAME = LaunchImage;
				CODE_SIGN_STYLE = Automatic;
				INFOPLIST_FILE = juhaodai/Info.plist;
				IPHONEOS_DEPLOYMENT_TARGET = 9.0;
				LD_RUNPATH_SEARCH_PATHS = "$(inherited) @executable_path/Frameworks";
				PRODUCT_BUNDLE_IDENTIFIER = xiangyu.juhaodai;
				PRODUCT_NAME = "$(TARGET_NAME)";
				TARGETED_DEVICE_FAMILY = "1,2";
			};
			name = Release;
		};
/* End XCBuildConfiguration section */

/* Begin XCConfigurationList section */
		C515F46F200C7EF300BDC283 /* Build configuration list for PBXProject "juhaodai" */ = {
			isa = XCConfigurationList;
			buildConfigurations = (
				C515F488200C7EF300BDC283 /* Debug */,
				C515F489200C7EF300BDC283 /* Release */,
			);
			defaultConfigurationIsVisible = 0;
			defaultConfigurationName = Release;
		};
		C515F48A200C7EF300BDC283 /* Build configuration list for PBXNativeTarget "juhaodai" */ = {
			isa = XCConfigurationList;
			buildConfigurations = (
				C515F48B200C7EF300BDC283 /* Debug */,
				C515F48C200C7EF300BDC283 /* Release */,
			);
			defaultConfigurationIsVisible = 0;
			defaultConfigurationName = Release;
		};
/* End XCConfigurationList section */
	};
	rootObject = C515F46C200C7EF300BDC283 /* Project object */;
}
